
Microsoft Visual Studio Solution File, Format Version 12.00
# Visual Studio Version 17
VisualStudioVersion = 17.9.34622.214
MinimumVisualStudioVersion = 10.0.40219.1
Project("{2150E333-8FDC-42A3-9474-1A3956D46DE8}") = "Lekce", "Lekce", "{E411AAC0-F158-4A03-8823-F09FFA03BC8B}"
EndProject
Project("{2150E333-8FDC-42A3-9474-1A3956D46DE8}") = "1_Lekce", "1_Lekce", "{B0516200-CC15-4E73-AA3D-C74A1ED1A5D6}"
EndProject
Project("{9A19103F-16F7-4668-BE54-9A1E7A4F7556}") = "DateTime_TimeSpan", "Lekce\1_Lekce\DateTime_TimeSpan\DateTime_TimeSpan.csproj", "{28A69709-6056-48B4-AF0F-690FA1D709F7}"
EndProject
Project("{9A19103F-16F7-4668-BE54-9A1E7A4F7556}") = "Vyjimky_TryCatch", "Lekce\1_Lekce\Vyjimky_TryCatch\Vyjimky_TryCatch.csproj", "{27F9F504-803A-4F18-B685-4BC7301808AC}"
EndProject
Project("{2150E333-8FDC-42A3-9474-1A3956D46DE8}") = "2_Lekce", "2_Lekce", "{A54CCD16-79AD-4AA1-8C54-82FE507F9ED1}"
EndProject
Project("{9A19103F-16F7-4668-BE54-9A1E7A4F7556}") = "PraceSeStringy_2", "Lekce\2_Lekce\PraceSeStringy_2\PraceSeStringy_2.csproj", "{83BC8208-6BDD-48EE-AC3F-9D180CB49497}"
EndProject
Project("{9A19103F-16F7-4668-BE54-9A1E7A4F7556}") = "PraceSeStringy_1", "Lekce\2_Lekce\PraceSeStringy_1\PraceSeStringy_1.csproj", "{CAC54957-1DDE-4662-8ACF-B762D58C7C00}"
EndProject
Project("{2150E333-8FDC-42A3-9474-1A3956D46DE8}") = "3_lekce", "3_lekce", "{2F83D168-E8F5-41B0-9AA8-7D670B0A2A68}"
EndProject
Project("{9A19103F-16F7-4668-BE54-9A1E7A4F7556}") = "Dictionary", "Lekce\3_Lekce\Dictionary\Dictionary.csproj", "{C4A59DB7-0F64-4A9D-8EA3-62208A860930}"
EndProject
Project("{9A19103F-16F7-4668-BE54-9A1E7A4F7556}") = "Kolekce", "Lekce\3_Lekce\Kolekce\Kolekce.csproj", "{F505045E-506E-4F81-9898-F058B78C2CE9}"
EndProject
Project("{2150E333-8FDC-42A3-9474-1A3956D46DE8}") = "4_Lekce", "4_Lekce", "{17BB269C-C3AF-4AAA-9210-BA9B65428CC8}"
EndProject
Project("{9A19103F-16F7-4668-BE54-9A1E7A4F7556}") = "Linq", "Lekce\4_Lekce\Linq.csproj", "{B62FB250-E6D5-44D3-8D70-EB402E092B36}"
EndProject
Project("{2150E333-8FDC-42A3-9474-1A3956D46DE8}") = "6_Lekce", "6_Lekce", "{EB8A2858-76CE-4A82-9DE3-EA90AF7F7449}"
EndProject
Project("{9A19103F-16F7-4668-BE54-9A1E7A4F7556}") = "Dedicnost_Polymorfismus", "Lekce\6_Lekce\Dedicnost_Polymorfismus\Dedicnost_Polymorfismus.csproj", "{B1DB7283-9EF4-4838-BCCF-53727A1E5E93}"
EndProject
Project("{2150E333-8FDC-42A3-9474-1A3956D46DE8}") = "7_Lekce", "7_Lekce", "{41302C71-34FE-4AD9-8AE6-ADA34D98B160}"
EndProject
Project("{9A19103F-16F7-4668-BE54-9A1E7A4F7556}") = "Interfaces", "Lekce\7_Lekce\Interfaces\Interfaces.csproj", "{867B584A-785D-4D8F-8A2A-C6F65BB98B8E}"
EndProject
Project("{9A19103F-16F7-4668-BE54-9A1E7A4F7556}") = "DedicnostOpakovani", "Lekce\7_Lekce\DedicnostOpakovani\DedicnostOpakovani.csproj", "{E591AE5C-5DB9-4C63-8A29-04EC8C37A9F0}"
EndProject
Project("{2150E333-8FDC-42A3-9474-1A3956D46DE8}") = "8_Lekce", "8_Lekce", "{DFB0058B-CBA6-4C39-86D2-2D5BAABD8E59}"
EndProject
Project("{9A19103F-16F7-4668-BE54-9A1E7A4F7556}") = "UkladaniDoCSV", "Lekce\8_Lekce\UkladaniDoCSV\UkladaniDoCSV.csproj", "{22991684-A9B7-44DA-95E0-E1C0183CD1AA}"
EndProject
Project("{9A19103F-16F7-4668-BE54-9A1E7A4F7556}") = "Serializace", "Lekce\8_Lekce\Serializace\Serializace.csproj", "{7E93000F-A372-4A51-BA38-A935D4901273}"
EndProject
Project("{2150E333-8FDC-42A3-9474-1A3956D46DE8}") = "Projekt", "Projekt", "{E5D6C69A-9D8D-4A8B-878C-274641DE4F33}"
EndProject
Project("{9A19103F-16F7-4668-BE54-9A1E7A4F7556}") = "ImportAndExport", "Projekt\ImportAndExport\ImportAndExport.csproj", "{AAB1D093-6BA1-441A-A4A6-E11BBBA9C4AA}"
EndProject
Project("{2150E333-8FDC-42A3-9474-1A3956D46DE8}") = "9_Lekce", "9_Lekce", "{9744D8FF-0C51-4611-95C1-8153BC63CF50}"
EndProject
Project("{9A19103F-16F7-4668-BE54-9A1E7A4F7556}") = "Kalkulacka", "Lekce\9_Lekce\Kalkulacka.csproj", "{96174B5B-2A7C-4D4C-86DD-92220B86FE73}"
EndProject
Project("{FAE04EC0-301F-11D3-BF4B-00C04F79EFBC}") = "Kalkulacka.Test", "Kalkulacka.Test\Kalkulacka.Test.csproj", "{9106937D-3D55-4E72-9394-16151D7675FF}"
EndProject
Global
	GlobalSection(SolutionConfigurationPlatforms) = preSolution
		Debug|Any CPU = Debug|Any CPU
		Release|Any CPU = Release|Any CPU
	EndGlobalSection
	GlobalSection(ProjectConfigurationPlatforms) = postSolution
		{28A69709-6056-48B4-AF0F-690FA1D709F7}.Debug|Any CPU.ActiveCfg = Debug|Any CPU
		{28A69709-6056-48B4-AF0F-690FA1D709F7}.Debug|Any CPU.Build.0 = Debug|Any CPU
		{28A69709-6056-48B4-AF0F-690FA1D709F7}.Release|Any CPU.ActiveCfg = Release|Any CPU
		{28A69709-6056-48B4-AF0F-690FA1D709F7}.Release|Any CPU.Build.0 = Release|Any CPU
		{27F9F504-803A-4F18-B685-4BC7301808AC}.Debug|Any CPU.ActiveCfg = Debug|Any CPU
		{27F9F504-803A-4F18-B685-4BC7301808AC}.Debug|Any CPU.Build.0 = Debug|Any CPU
		{27F9F504-803A-4F18-B685-4BC7301808AC}.Release|Any CPU.ActiveCfg = Release|Any CPU
		{27F9F504-803A-4F18-B685-4BC7301808AC}.Release|Any CPU.Build.0 = Release|Any CPU
		{83BC8208-6BDD-48EE-AC3F-9D180CB49497}.Debug|Any CPU.ActiveCfg = Debug|Any CPU
		{83BC8208-6BDD-48EE-AC3F-9D180CB49497}.Debug|Any CPU.Build.0 = Debug|Any CPU
		{83BC8208-6BDD-48EE-AC3F-9D180CB49497}.Release|Any CPU.ActiveCfg = Release|Any CPU
		{83BC8208-6BDD-48EE-AC3F-9D180CB49497}.Release|Any CPU.Build.0 = Release|Any CPU
		{CAC54957-1DDE-4662-8ACF-B762D58C7C00}.Debug|Any CPU.ActiveCfg = Debug|Any CPU
		{CAC54957-1DDE-4662-8ACF-B762D58C7C00}.Debug|Any CPU.Build.0 = Debug|Any CPU
		{CAC54957-1DDE-4662-8ACF-B762D58C7C00}.Release|Any CPU.ActiveCfg = Release|Any CPU
		{CAC54957-1DDE-4662-8ACF-B762D58C7C00}.Release|Any CPU.Build.0 = Release|Any CPU
		{C4A59DB7-0F64-4A9D-8EA3-62208A860930}.Debug|Any CPU.ActiveCfg = Debug|Any CPU
		{C4A59DB7-0F64-4A9D-8EA3-62208A860930}.Debug|Any CPU.Build.0 = Debug|Any CPU
		{C4A59DB7-0F64-4A9D-8EA3-62208A860930}.Release|Any CPU.ActiveCfg = Release|Any CPU
		{C4A59DB7-0F64-4A9D-8EA3-62208A860930}.Release|Any CPU.Build.0 = Release|Any CPU
		{F505045E-506E-4F81-9898-F058B78C2CE9}.Debug|Any CPU.ActiveCfg = Debug|Any CPU
		{F505045E-506E-4F81-9898-F058B78C2CE9}.Debug|Any CPU.Build.0 = Debug|Any CPU
		{F505045E-506E-4F81-9898-F058B78C2CE9}.Release|Any CPU.ActiveCfg = Release|Any CPU
		{F505045E-506E-4F81-9898-F058B78C2CE9}.Release|Any CPU.Build.0 = Release|Any CPU
		{B62FB250-E6D5-44D3-8D70-EB402E092B36}.Debug|Any CPU.ActiveCfg = Debug|Any CPU
		{B62FB250-E6D5-44D3-8D70-EB402E092B36}.Debug|Any CPU.Build.0 = Debug|Any CPU
		{B62FB250-E6D5-44D3-8D70-EB402E092B36}.Release|Any CPU.ActiveCfg = Release|Any CPU
		{B62FB250-E6D5-44D3-8D70-EB402E092B36}.Release|Any CPU.Build.0 = Release|Any CPU
		{B1DB7283-9EF4-4838-BCCF-53727A1E5E93}.Debug|Any CPU.ActiveCfg = Debug|Any CPU
		{B1DB7283-9EF4-4838-BCCF-53727A1E5E93}.Debug|Any CPU.Build.0 = Debug|Any CPU
		{B1DB7283-9EF4-4838-BCCF-53727A1E5E93}.Release|Any CPU.ActiveCfg = Release|Any CPU
		{B1DB7283-9EF4-4838-BCCF-53727A1E5E93}.Release|Any CPU.Build.0 = Release|Any CPU
		{867B584A-785D-4D8F-8A2A-C6F65BB98B8E}.Debug|Any CPU.ActiveCfg = Debug|Any CPU
		{867B584A-785D-4D8F-8A2A-C6F65BB98B8E}.Debug|Any CPU.Build.0 = Debug|Any CPU
		{867B584A-785D-4D8F-8A2A-C6F65BB98B8E}.Release|Any CPU.ActiveCfg = Release|Any CPU
		{867B584A-785D-4D8F-8A2A-C6F65BB98B8E}.Release|Any CPU.Build.0 = Release|Any CPU
		{E591AE5C-5DB9-4C63-8A29-04EC8C37A9F0}.Debug|Any CPU.ActiveCfg = Debug|Any CPU
		{E591AE5C-5DB9-4C63-8A29-04EC8C37A9F0}.Debug|Any CPU.Build.0 = Debug|Any CPU
		{E591AE5C-5DB9-4C63-8A29-04EC8C37A9F0}.Release|Any CPU.ActiveCfg = Release|Any CPU
		{E591AE5C-5DB9-4C63-8A29-04EC8C37A9F0}.Release|Any CPU.Build.0 = Release|Any CPU
		{22991684-A9B7-44DA-95E0-E1C0183CD1AA}.Debug|Any CPU.ActiveCfg = Debug|Any CPU
		{22991684-A9B7-44DA-95E0-E1C0183CD1AA}.Debug|Any CPU.Build.0 = Debug|Any CPU
		{22991684-A9B7-44DA-95E0-E1C0183CD1AA}.Release|Any CPU.ActiveCfg = Release|Any CPU
		{22991684-A9B7-44DA-95E0-E1C0183CD1AA}.Release|Any CPU.Build.0 = Release|Any CPU
		{7E93000F-A372-4A51-BA38-A935D4901273}.Debug|Any CPU.ActiveCfg = Debug|Any CPU
		{7E93000F-A372-4A51-BA38-A935D4901273}.Debug|Any CPU.Build.0 = Debug|Any CPU
		{7E93000F-A372-4A51-BA38-A935D4901273}.Release|Any CPU.ActiveCfg = Release|Any CPU
		{7E93000F-A372-4A51-BA38-A935D4901273}.Release|Any CPU.Build.0 = Release|Any CPU
		{AAB1D093-6BA1-441A-A4A6-E11BBBA9C4AA}.Debug|Any CPU.ActiveCfg = Debug|Any CPU
		{AAB1D093-6BA1-441A-A4A6-E11BBBA9C4AA}.Debug|Any CPU.Build.0 = Debug|Any CPU
		{AAB1D093-6BA1-441A-A4A6-E11BBBA9C4AA}.Release|Any CPU.ActiveCfg = Release|Any CPU
		{AAB1D093-6BA1-441A-A4A6-E11BBBA9C4AA}.Release|Any CPU.Build.0 = Release|Any CPU
		{96174B5B-2A7C-4D4C-86DD-92220B86FE73}.Debug|Any CPU.ActiveCfg = Debug|Any CPU
		{96174B5B-2A7C-4D4C-86DD-92220B86FE73}.Debug|Any CPU.Build.0 = Debug|Any CPU
		{96174B5B-2A7C-4D4C-86DD-92220B86FE73}.Release|Any CPU.ActiveCfg = Release|Any CPU
		{96174B5B-2A7C-4D4C-86DD-92220B86FE73}.Release|Any CPU.Build.0 = Release|Any CPU
		{9106937D-3D55-4E72-9394-16151D7675FF}.Debug|Any CPU.ActiveCfg = Debug|Any CPU
		{9106937D-3D55-4E72-9394-16151D7675FF}.Debug|Any CPU.Build.0 = Debug|Any CPU
		{9106937D-3D55-4E72-9394-16151D7675FF}.Release|Any CPU.ActiveCfg = Release|Any CPU
		{9106937D-3D55-4E72-9394-16151D7675FF}.Release|Any CPU.Build.0 = Release|Any CPU
	EndGlobalSection
	GlobalSection(SolutionProperties) = preSolution
		HideSolutionNode = FALSE
	EndGlobalSection
	GlobalSection(NestedProjects) = preSolution
		{B0516200-CC15-4E73-AA3D-C74A1ED1A5D6} = {E411AAC0-F158-4A03-8823-F09FFA03BC8B}
		{28A69709-6056-48B4-AF0F-690FA1D709F7} = {B0516200-CC15-4E73-AA3D-C74A1ED1A5D6}
		{27F9F504-803A-4F18-B685-4BC7301808AC} = {B0516200-CC15-4E73-AA3D-C74A1ED1A5D6}
		{A54CCD16-79AD-4AA1-8C54-82FE507F9ED1} = {E411AAC0-F158-4A03-8823-F09FFA03BC8B}
		{83BC8208-6BDD-48EE-AC3F-9D180CB49497} = {A54CCD16-79AD-4AA1-8C54-82FE507F9ED1}
		{CAC54957-1DDE-4662-8ACF-B762D58C7C00} = {A54CCD16-79AD-4AA1-8C54-82FE507F9ED1}
		{2F83D168-E8F5-41B0-9AA8-7D670B0A2A68} = {E411AAC0-F158-4A03-8823-F09FFA03BC8B}
		{C4A59DB7-0F64-4A9D-8EA3-62208A860930} = {2F83D168-E8F5-41B0-9AA8-7D670B0A2A68}
		{F505045E-506E-4F81-9898-F058B78C2CE9} = {2F83D168-E8F5-41B0-9AA8-7D670B0A2A68}
		{17BB269C-C3AF-4AAA-9210-BA9B65428CC8} = {E411AAC0-F158-4A03-8823-F09FFA03BC8B}
		{B62FB250-E6D5-44D3-8D70-EB402E092B36} = {17BB269C-C3AF-4AAA-9210-BA9B65428CC8}
		{EB8A2858-76CE-4A82-9DE3-EA90AF7F7449} = {E411AAC0-F158-4A03-8823-F09FFA03BC8B}
		{B1DB7283-9EF4-4838-BCCF-53727A1E5E93} = {EB8A2858-76CE-4A82-9DE3-EA90AF7F7449}
		{41302C71-34FE-4AD9-8AE6-ADA34D98B160} = {E411AAC0-F158-4A03-8823-F09FFA03BC8B}
		{867B584A-785D-4D8F-8A2A-C6F65BB98B8E} = {41302C71-34FE-4AD9-8AE6-ADA34D98B160}
		{E591AE5C-5DB9-4C63-8A29-04EC8C37A9F0} = {41302C71-34FE-4AD9-8AE6-ADA34D98B160}
		{DFB0058B-CBA6-4C39-86D2-2D5BAABD8E59} = {E411AAC0-F158-4A03-8823-F09FFA03BC8B}
		{22991684-A9B7-44DA-95E0-E1C0183CD1AA} = {DFB0058B-CBA6-4C39-86D2-2D5BAABD8E59}
		{7E93000F-A372-4A51-BA38-A935D4901273} = {DFB0058B-CBA6-4C39-86D2-2D5BAABD8E59}
		{AAB1D093-6BA1-441A-A4A6-E11BBBA9C4AA} = {E5D6C69A-9D8D-4A8B-878C-274641DE4F33}
		{9744D8FF-0C51-4611-95C1-8153BC63CF50} = {E411AAC0-F158-4A03-8823-F09FFA03BC8B}
		{96174B5B-2A7C-4D4C-86DD-92220B86FE73} = {9744D8FF-0C51-4611-95C1-8153BC63CF50}
		{9106937D-3D55-4E72-9394-16151D7675FF} = {9744D8FF-0C51-4611-95C1-8153BC63CF50}
	EndGlobalSection
	GlobalSection(ExtensibilityGlobals) = postSolution
		SolutionGuid = {3C81C7D0-0ADF-4DA5-935C-A099F6C4C722}
	EndGlobalSection
EndGlobal
