
Microsoft Visual Studio Solution File, Format Version 12.00
# Visual Studio Version 17
VisualStudioVersion = 17.9.34622.214
MinimumVisualStudioVersion = 10.0.40219.1
Project("{2150E333-8FDC-42A3-9474-1A3956D46DE8}") = "Lekce", "Lekce", "{E411AAC0-F158-4A03-8823-F09FFA03BC8B}"
EndProject
Project("{2150E333-8FDC-42A3-9474-1A3956D46DE8}") = "1_Lekce", "1_Lekce", "{B0516200-CC15-4E73-AA3D-C74A1ED1A5D6}"
EndProject
Project("{9A19103F-16F7-4668-BE54-9A1E7A4F7556}") = "DateTime_TimeSpan", "Lekce\1_Lekce\DateTime_TimeSpan\DateTime_TimeSpan.csproj", "{28A69709-6056-48B4-AF0F-690FA1D709F7}"
EndProject
Project("{9A19103F-16F7-4668-BE54-9A1E7A4F7556}") = "Vyjimky_TryCatch", "Lekce\1_Lekce\Vyjimky_TryCatch\Vyjimky_TryCatch.csproj", "{27F9F504-803A-4F18-B685-4BC7301808AC}"
EndProject
Project("{2150E333-8FDC-42A3-9474-1A3956D46DE8}") = "2_Lekce", "2_Lekce", "{A54CCD16-79AD-4AA1-8C54-82FE507F9ED1}"
EndProject
Project("{9A19103F-16F7-4668-BE54-9A1E7A4F7556}") = "PraceSeStringy_2", "Lekce\2_Lekce\PraceSeStringy_2\PraceSeStringy_2.csproj", "{83BC8208-6BDD-48EE-AC3F-9D180CB49497}"
EndProject
Project("{9A19103F-16F7-4668-BE54-9A1E7A4F7556}") = "PraceSeStringy_1", "Lekce\2_Lekce\PraceSeStringy_1\PraceSeStringy_1.csproj", "{CAC54957-1DDE-4662-8ACF-B762D58C7C00}"
EndProject
Project("{2150E333-8FDC-42A3-9474-1A3956D46DE8}") = "3_lekce", "3_lekce", "{2F83D168-E8F5-41B0-9AA8-7D670B0A2A68}"
EndProject
Project("{9A19103F-16F7-4668-BE54-9A1E7A4F7556}") = "Dictionary", "Lekce\3_Lekce\Dictionary\Dictionary.csproj", "{C4A59DB7-0F64-4A9D-8EA3-62208A860930}"
EndProject
Project("{9A19103F-16F7-4668-BE54-9A1E7A4F7556}") = "Kolekce", "Lekce\3_Lekce\Kolekce\Kolekce.csproj", "{F505045E-506E-4F81-9898-F058B78C2CE9}"
EndProject
Project("{2150E333-8FDC-42A3-9474-1A3956D46DE8}") = "4_Lekce", "4_Lekce", "{17BB269C-C3AF-4AAA-9210-BA9B65428CC8}"
EndProject
Project("{9A19103F-16F7-4668-BE54-9A1E7A4F7556}") = "Linq", "Lekce\4_Lekce\Linq.csproj", "{B62FB250-E6D5-44D3-8D70-EB402E092B36}"
EndProject
Global
	GlobalSection(SolutionConfigurationPlatforms) = preSolution
		Debug|Any CPU = Debug|Any CPU
		Release|Any CPU = Release|Any CPU
	EndGlobalSection
	GlobalSection(ProjectConfigurationPlatforms) = postSolution
		{28A69709-6056-48B4-AF0F-690FA1D709F7}.Debug|Any CPU.ActiveCfg = Debug|Any CPU
		{28A69709-6056-48B4-AF0F-690FA1D709F7}.Debug|Any CPU.Build.0 = Debug|Any CPU
		{28A69709-6056-48B4-AF0F-690FA1D709F7}.Release|Any CPU.ActiveCfg = Release|Any CPU
		{28A69709-6056-48B4-AF0F-690FA1D709F7}.Release|Any CPU.Build.0 = Release|Any CPU
		{27F9F504-803A-4F18-B685-4BC7301808AC}.Debug|Any CPU.ActiveCfg = Debug|Any CPU
		{27F9F504-803A-4F18-B685-4BC7301808AC}.Debug|Any CPU.Build.0 = Debug|Any CPU
		{27F9F504-803A-4F18-B685-4BC7301808AC}.Release|Any CPU.ActiveCfg = Release|Any CPU
		{27F9F504-803A-4F18-B685-4BC7301808AC}.Release|Any CPU.Build.0 = Release|Any CPU
		{83BC8208-6BDD-48EE-AC3F-9D180CB49497}.Debug|Any CPU.ActiveCfg = Debug|Any CPU
		{83BC8208-6BDD-48EE-AC3F-9D180CB49497}.Debug|Any CPU.Build.0 = Debug|Any CPU
		{83BC8208-6BDD-48EE-AC3F-9D180CB49497}.Release|Any CPU.ActiveCfg = Release|Any CPU
		{83BC8208-6BDD-48EE-AC3F-9D180CB49497}.Release|Any CPU.Build.0 = Release|Any CPU
		{CAC54957-1DDE-4662-8ACF-B762D58C7C00}.Debug|Any CPU.ActiveCfg = Debug|Any CPU
		{CAC54957-1DDE-4662-8ACF-B762D58C7C00}.Debug|Any CPU.Build.0 = Debug|Any CPU
		{CAC54957-1DDE-4662-8ACF-B762D58C7C00}.Release|Any CPU.ActiveCfg = Release|Any CPU
		{CAC54957-1DDE-4662-8ACF-B762D58C7C00}.Release|Any CPU.Build.0 = Release|Any CPU
		{C4A59DB7-0F64-4A9D-8EA3-62208A860930}.Debug|Any CPU.ActiveCfg = Debug|Any CPU
		{C4A59DB7-0F64-4A9D-8EA3-62208A860930}.Debug|Any CPU.Build.0 = Debug|Any CPU
		{C4A59DB7-0F64-4A9D-8EA3-62208A860930}.Release|Any CPU.ActiveCfg = Release|Any CPU
		{C4A59DB7-0F64-4A9D-8EA3-62208A860930}.Release|Any CPU.Build.0 = Release|Any CPU
		{F505045E-506E-4F81-9898-F058B78C2CE9}.Debug|Any CPU.ActiveCfg = Debug|Any CPU
		{F505045E-506E-4F81-9898-F058B78C2CE9}.Debug|Any CPU.Build.0 = Debug|Any CPU
		{F505045E-506E-4F81-9898-F058B78C2CE9}.Release|Any CPU.ActiveCfg = Release|Any CPU
		{F505045E-506E-4F81-9898-F058B78C2CE9}.Release|Any CPU.Build.0 = Release|Any CPU
		{B62FB250-E6D5-44D3-8D70-EB402E092B36}.Debug|Any CPU.ActiveCfg = Debug|Any CPU
		{B62FB250-E6D5-44D3-8D70-EB402E092B36}.Debug|Any CPU.Build.0 = Debug|Any CPU
		{B62FB250-E6D5-44D3-8D70-EB402E092B36}.Release|Any CPU.ActiveCfg = Release|Any CPU
		{B62FB250-E6D5-44D3-8D70-EB402E092B36}.Release|Any CPU.Build.0 = Release|Any CPU
	EndGlobalSection
	GlobalSection(SolutionProperties) = preSolution
		HideSolutionNode = FALSE
	EndGlobalSection
	GlobalSection(NestedProjects) = preSolution
		{B0516200-CC15-4E73-AA3D-C74A1ED1A5D6} = {E411AAC0-F158-4A03-8823-F09FFA03BC8B}
		{28A69709-6056-48B4-AF0F-690FA1D709F7} = {B0516200-CC15-4E73-AA3D-C74A1ED1A5D6}
		{27F9F504-803A-4F18-B685-4BC7301808AC} = {B0516200-CC15-4E73-AA3D-C74A1ED1A5D6}
		{A54CCD16-79AD-4AA1-8C54-82FE507F9ED1} = {E411AAC0-F158-4A03-8823-F09FFA03BC8B}
		{83BC8208-6BDD-48EE-AC3F-9D180CB49497} = {A54CCD16-79AD-4AA1-8C54-82FE507F9ED1}
		{CAC54957-1DDE-4662-8ACF-B762D58C7C00} = {A54CCD16-79AD-4AA1-8C54-82FE507F9ED1}
		{2F83D168-E8F5-41B0-9AA8-7D670B0A2A68} = {E411AAC0-F158-4A03-8823-F09FFA03BC8B}
		{C4A59DB7-0F64-4A9D-8EA3-62208A860930} = {2F83D168-E8F5-41B0-9AA8-7D670B0A2A68}
		{F505045E-506E-4F81-9898-F058B78C2CE9} = {2F83D168-E8F5-41B0-9AA8-7D670B0A2A68}
		{17BB269C-C3AF-4AAA-9210-BA9B65428CC8} = {E411AAC0-F158-4A03-8823-F09FFA03BC8B}
		{B62FB250-E6D5-44D3-8D70-EB402E092B36} = {17BB269C-C3AF-4AAA-9210-BA9B65428CC8}
	EndGlobalSection
	GlobalSection(ExtensibilityGlobals) = postSolution
		SolutionGuid = {3C81C7D0-0ADF-4DA5-935C-A099F6C4C722}
	EndGlobalSection
EndGlobal
